
Microsoft Visual Studio Solution File, Format Version 12.00
# Visual Studio Version 16
VisualStudioVersion = 16.0.29215.179
MinimumVisualStudioVersion = 10.0.40219.1
Project("{FAE04EC0-301F-11D3-BF4B-00C04F79EFBC}") = "jpoulin1b1", "jpoulin1730ex1b1\jpoulin1b1.csproj", "{779FB997-72DB-4C4A-A91A-BA0B95FF12B9}"
EndProject
Project("{FAE04EC0-301F-11D3-BF4B-00C04F79EFBC}") = "jpoulin1c1", "jpoulin1c1\jpoulin1c1.csproj", "{97C5597D-3A0B-4540-BE32-D4B35F3225A4}"
EndProject
Project("{FAE04EC0-301F-11D3-BF4B-00C04F79EFBC}") = "jpoulin1d1", "jpoulin1d1\jpoulin1d1.csproj", "{30EB385E-FBD7-4BC8-843E-6C13FFDD8AC2}"
EndProject
Project("{FAE04EC0-301F-11D3-BF4B-00C04F79EFBC}") = "jpoulin1e1", "jpoulin1e1\jpoulin1e1.csproj", "{91C4E5F0-5EDF-4624-B646-30F80A346878}"
EndProject
Project("{FAE04EC0-301F-11D3-BF4B-00C04F79EFBC}") = "jpoulin1f1", "jpoulin1f1\jpoulin1f1.csproj", "{0371E346-CBD3-4E14-AC06-8A41DFCEB626}"
EndProject
Project("{FAE04EC0-301F-11D3-BF4B-00C04F79EFBC}") = "jpoulin1g1", "jpoulin1g1\jpoulin1g1.csproj", "{87F8D8BE-877F-48F8-A6DB-F4097FABFFBC}"
EndProject
Project("{FAE04EC0-301F-11D3-BF4B-00C04F79EFBC}") = "jpoulin2a1", "jpoulin2a1\jpoulin2a1.csproj", "{CD1A0289-1CAC-4524-BB8E-EBBC0AAAD747}"
EndProject
Project("{FAE04EC0-301F-11D3-BF4B-00C04F79EFBC}") = "jpoulin2b1", "jpoulin2b1\jpoulin2b1.csproj", "{CED3DADA-98C3-4530-A5A4-18D2388F8564}"
EndProject
Project("{FAE04EC0-301F-11D3-BF4B-00C04F79EFBC}") = "jpoulin2c1", "jpoulin2c1\jpoulin2c1.csproj", "{B82D794E-C818-4874-B7B8-9FB2755B60C5}"
EndProject
Project("{FAE04EC0-301F-11D3-BF4B-00C04F79EFBC}") = "jpoulin2d1", "jpoulin2d1\jpoulin2d1.csproj", "{35CBF22B-F294-4F55-BF96-DB2AA6303115}"
EndProject
Project("{FAE04EC0-301F-11D3-BF4B-00C04F79EFBC}") = "jpoulin2e1", "jpoulin2e1\jpoulin2e1.csproj", "{B577B2E3-EF67-496F-B01F-6B2A8440E0D4}"
EndProject
Project("{FAE04EC0-301F-11D3-BF4B-00C04F79EFBC}") = "jpoulin2e1UnitTests", "jpoulin2e1UnitTests\jpoulin2e1UnitTests.csproj", "{13BB72D0-71C8-4D78-80B8-78C350EC94C4}"
EndProject
Global
	GlobalSection(SolutionConfigurationPlatforms) = preSolution
		Debug|Any CPU = Debug|Any CPU
		Release|Any CPU = Release|Any CPU
	EndGlobalSection
	GlobalSection(ProjectConfigurationPlatforms) = postSolution
		{779FB997-72DB-4C4A-A91A-BA0B95FF12B9}.Debug|Any CPU.ActiveCfg = Debug|Any CPU
		{779FB997-72DB-4C4A-A91A-BA0B95FF12B9}.Debug|Any CPU.Build.0 = Debug|Any CPU
		{779FB997-72DB-4C4A-A91A-BA0B95FF12B9}.Release|Any CPU.ActiveCfg = Release|Any CPU
		{779FB997-72DB-4C4A-A91A-BA0B95FF12B9}.Release|Any CPU.Build.0 = Release|Any CPU
		{97C5597D-3A0B-4540-BE32-D4B35F3225A4}.Debug|Any CPU.ActiveCfg = Debug|Any CPU
		{97C5597D-3A0B-4540-BE32-D4B35F3225A4}.Debug|Any CPU.Build.0 = Debug|Any CPU
		{97C5597D-3A0B-4540-BE32-D4B35F3225A4}.Release|Any CPU.ActiveCfg = Release|Any CPU
		{97C5597D-3A0B-4540-BE32-D4B35F3225A4}.Release|Any CPU.Build.0 = Release|Any CPU
		{30EB385E-FBD7-4BC8-843E-6C13FFDD8AC2}.Debug|Any CPU.ActiveCfg = Debug|Any CPU
		{30EB385E-FBD7-4BC8-843E-6C13FFDD8AC2}.Debug|Any CPU.Build.0 = Debug|Any CPU
		{30EB385E-FBD7-4BC8-843E-6C13FFDD8AC2}.Release|Any CPU.ActiveCfg = Release|Any CPU
		{30EB385E-FBD7-4BC8-843E-6C13FFDD8AC2}.Release|Any CPU.Build.0 = Release|Any CPU
		{91C4E5F0-5EDF-4624-B646-30F80A346878}.Debug|Any CPU.ActiveCfg = Debug|Any CPU
		{91C4E5F0-5EDF-4624-B646-30F80A346878}.Debug|Any CPU.Build.0 = Debug|Any CPU
		{91C4E5F0-5EDF-4624-B646-30F80A346878}.Release|Any CPU.ActiveCfg = Release|Any CPU
		{91C4E5F0-5EDF-4624-B646-30F80A346878}.Release|Any CPU.Build.0 = Release|Any CPU
		{0371E346-CBD3-4E14-AC06-8A41DFCEB626}.Debug|Any CPU.ActiveCfg = Debug|Any CPU
		{0371E346-CBD3-4E14-AC06-8A41DFCEB626}.Debug|Any CPU.Build.0 = Debug|Any CPU
		{0371E346-CBD3-4E14-AC06-8A41DFCEB626}.Release|Any CPU.ActiveCfg = Release|Any CPU
		{0371E346-CBD3-4E14-AC06-8A41DFCEB626}.Release|Any CPU.Build.0 = Release|Any CPU
		{87F8D8BE-877F-48F8-A6DB-F4097FABFFBC}.Debug|Any CPU.ActiveCfg = Debug|Any CPU
		{87F8D8BE-877F-48F8-A6DB-F4097FABFFBC}.Debug|Any CPU.Build.0 = Debug|Any CPU
		{87F8D8BE-877F-48F8-A6DB-F4097FABFFBC}.Release|Any CPU.ActiveCfg = Release|Any CPU
		{87F8D8BE-877F-48F8-A6DB-F4097FABFFBC}.Release|Any CPU.Build.0 = Release|Any CPU
		{CD1A0289-1CAC-4524-BB8E-EBBC0AAAD747}.Debug|Any CPU.ActiveCfg = Debug|Any CPU
		{CD1A0289-1CAC-4524-BB8E-EBBC0AAAD747}.Debug|Any CPU.Build.0 = Debug|Any CPU
		{CD1A0289-1CAC-4524-BB8E-EBBC0AAAD747}.Release|Any CPU.ActiveCfg = Release|Any CPU
		{CD1A0289-1CAC-4524-BB8E-EBBC0AAAD747}.Release|Any CPU.Build.0 = Release|Any CPU
		{CED3DADA-98C3-4530-A5A4-18D2388F8564}.Debug|Any CPU.ActiveCfg = Debug|Any CPU
		{CED3DADA-98C3-4530-A5A4-18D2388F8564}.Debug|Any CPU.Build.0 = Debug|Any CPU
		{CED3DADA-98C3-4530-A5A4-18D2388F8564}.Release|Any CPU.ActiveCfg = Release|Any CPU
		{CED3DADA-98C3-4530-A5A4-18D2388F8564}.Release|Any CPU.Build.0 = Release|Any CPU
		{B82D794E-C818-4874-B7B8-9FB2755B60C5}.Debug|Any CPU.ActiveCfg = Debug|Any CPU
		{B82D794E-C818-4874-B7B8-9FB2755B60C5}.Debug|Any CPU.Build.0 = Debug|Any CPU
		{B82D794E-C818-4874-B7B8-9FB2755B60C5}.Release|Any CPU.ActiveCfg = Release|Any CPU
		{B82D794E-C818-4874-B7B8-9FB2755B60C5}.Release|Any CPU.Build.0 = Release|Any CPU
		{35CBF22B-F294-4F55-BF96-DB2AA6303115}.Debug|Any CPU.ActiveCfg = Debug|Any CPU
		{35CBF22B-F294-4F55-BF96-DB2AA6303115}.Debug|Any CPU.Build.0 = Debug|Any CPU
		{35CBF22B-F294-4F55-BF96-DB2AA6303115}.Release|Any CPU.ActiveCfg = Release|Any CPU
		{35CBF22B-F294-4F55-BF96-DB2AA6303115}.Release|Any CPU.Build.0 = Release|Any CPU
		{B577B2E3-EF67-496F-B01F-6B2A8440E0D4}.Debug|Any CPU.ActiveCfg = Debug|Any CPU
		{B577B2E3-EF67-496F-B01F-6B2A8440E0D4}.Debug|Any CPU.Build.0 = Debug|Any CPU
		{B577B2E3-EF67-496F-B01F-6B2A8440E0D4}.Release|Any CPU.ActiveCfg = Release|Any CPU
		{B577B2E3-EF67-496F-B01F-6B2A8440E0D4}.Release|Any CPU.Build.0 = Release|Any CPU
		{13BB72D0-71C8-4D78-80B8-78C350EC94C4}.Debug|Any CPU.ActiveCfg = Debug|Any CPU
		{13BB72D0-71C8-4D78-80B8-78C350EC94C4}.Debug|Any CPU.Build.0 = Debug|Any CPU
		{13BB72D0-71C8-4D78-80B8-78C350EC94C4}.Release|Any CPU.ActiveCfg = Release|Any CPU
		{13BB72D0-71C8-4D78-80B8-78C350EC94C4}.Release|Any CPU.Build.0 = Release|Any CPU
	EndGlobalSection
	GlobalSection(SolutionProperties) = preSolution
		HideSolutionNode = FALSE
	EndGlobalSection
	GlobalSection(ExtensibilityGlobals) = postSolution
		SolutionGuid = {8F0B81EB-7BEC-4A5D-881E-8DEB2E30F75D}
	EndGlobalSection
EndGlobal
